
Microsoft Visual Studio Solution File, Format Version 12.00
# Visual Studio 15
VisualStudioVersion = 15.0.28307.572
MinimumVisualStudioVersion = 10.0.40219.1
Project("{9A19103F-16F7-4668-BE54-9A1E7A4F7556}") = "Domain", "Domain\Domain.csproj", "{4FD6A031-647A-4EFF-B0DD-BAA2457D1D6F}"
EndProject
Project("{9A19103F-16F7-4668-BE54-9A1E7A4F7556}") = "Application", "Application\Application.csproj", "{E3099776-74FF-4E5F-B9C7-8CFF0DF09CFE}"
EndProject
Project("{2150E333-8FDC-42A3-9474-1A3956D46DE8}") = "Applications", "Applications", "{18D74C5A-E307-495C-87E8-0EA0988D073E}"
EndProject
Project("{9A19103F-16F7-4668-BE54-9A1E7A4F7556}") = "ConsoleApp", "ConsoleApp\ConsoleApp.csproj", "{0D69E4CD-1483-4A83-820D-47891BD51333}"
EndProject
Project("{9A19103F-16F7-4668-BE54-9A1E7A4F7556}") = "API", "API\API.csproj", "{0C2C3B5E-FFE0-430D-9F4A-512C69325C65}"
EndProject
Project("{9A19103F-16F7-4668-BE54-9A1E7A4F7556}") = "EFCommands", "EFCommands\EFCommands.csproj", "{C3A97EC4-BAFF-4D70-9F36-F183D2DA01C9}"
EndProject
Project("{9A19103F-16F7-4668-BE54-9A1E7A4F7556}") = "EFDataAccess", "EFDataAccess\EFDataAccess.csproj", "{1AD6483C-182C-4600-AF1A-FD5F745832A2}"
EndProject
Global
	GlobalSection(SolutionConfigurationPlatforms) = preSolution
		Debug|Any CPU = Debug|Any CPU
		Release|Any CPU = Release|Any CPU
	EndGlobalSection
	GlobalSection(ProjectConfigurationPlatforms) = postSolution
		{4FD6A031-647A-4EFF-B0DD-BAA2457D1D6F}.Debug|Any CPU.ActiveCfg = Debug|Any CPU
		{4FD6A031-647A-4EFF-B0DD-BAA2457D1D6F}.Debug|Any CPU.Build.0 = Debug|Any CPU
		{4FD6A031-647A-4EFF-B0DD-BAA2457D1D6F}.Release|Any CPU.ActiveCfg = Release|Any CPU
		{4FD6A031-647A-4EFF-B0DD-BAA2457D1D6F}.Release|Any CPU.Build.0 = Release|Any CPU
		{E3099776-74FF-4E5F-B9C7-8CFF0DF09CFE}.Debug|Any CPU.ActiveCfg = Debug|Any CPU
		{E3099776-74FF-4E5F-B9C7-8CFF0DF09CFE}.Debug|Any CPU.Build.0 = Debug|Any CPU
		{E3099776-74FF-4E5F-B9C7-8CFF0DF09CFE}.Release|Any CPU.ActiveCfg = Release|Any CPU
		{E3099776-74FF-4E5F-B9C7-8CFF0DF09CFE}.Release|Any CPU.Build.0 = Release|Any CPU
		{0D69E4CD-1483-4A83-820D-47891BD51333}.Debug|Any CPU.ActiveCfg = Debug|Any CPU
		{0D69E4CD-1483-4A83-820D-47891BD51333}.Debug|Any CPU.Build.0 = Debug|Any CPU
		{0D69E4CD-1483-4A83-820D-47891BD51333}.Release|Any CPU.ActiveCfg = Release|Any CPU
		{0D69E4CD-1483-4A83-820D-47891BD51333}.Release|Any CPU.Build.0 = Release|Any CPU
		{0C2C3B5E-FFE0-430D-9F4A-512C69325C65}.Debug|Any CPU.ActiveCfg = Debug|Any CPU
		{0C2C3B5E-FFE0-430D-9F4A-512C69325C65}.Debug|Any CPU.Build.0 = Debug|Any CPU
		{0C2C3B5E-FFE0-430D-9F4A-512C69325C65}.Release|Any CPU.ActiveCfg = Release|Any CPU
		{0C2C3B5E-FFE0-430D-9F4A-512C69325C65}.Release|Any CPU.Build.0 = Release|Any CPU
		{C3A97EC4-BAFF-4D70-9F36-F183D2DA01C9}.Debug|Any CPU.ActiveCfg = Debug|Any CPU
		{C3A97EC4-BAFF-4D70-9F36-F183D2DA01C9}.Debug|Any CPU.Build.0 = Debug|Any CPU
		{C3A97EC4-BAFF-4D70-9F36-F183D2DA01C9}.Release|Any CPU.ActiveCfg = Release|Any CPU
		{C3A97EC4-BAFF-4D70-9F36-F183D2DA01C9}.Release|Any CPU.Build.0 = Release|Any CPU
		{1AD6483C-182C-4600-AF1A-FD5F745832A2}.Debug|Any CPU.ActiveCfg = Debug|Any CPU
		{1AD6483C-182C-4600-AF1A-FD5F745832A2}.Debug|Any CPU.Build.0 = Debug|Any CPU
		{1AD6483C-182C-4600-AF1A-FD5F745832A2}.Release|Any CPU.ActiveCfg = Release|Any CPU
		{1AD6483C-182C-4600-AF1A-FD5F745832A2}.Release|Any CPU.Build.0 = Release|Any CPU
	EndGlobalSection
	GlobalSection(SolutionProperties) = preSolution
		HideSolutionNode = FALSE
	EndGlobalSection
	GlobalSection(NestedProjects) = preSolution
		{0D69E4CD-1483-4A83-820D-47891BD51333} = {18D74C5A-E307-495C-87E8-0EA0988D073E}
		{0C2C3B5E-FFE0-430D-9F4A-512C69325C65} = {18D74C5A-E307-495C-87E8-0EA0988D073E}
	EndGlobalSection
	GlobalSection(ExtensibilityGlobals) = postSolution
		SolutionGuid = {82FFE34C-DD96-4F02-B58A-19B6C35500A2}
	EndGlobalSection
EndGlobal
